// !$*UTF8*$!
{
	archiveVersion = 1;
	classes = {
	};
	objectVersion = 56;
	objects = {

/* Begin PBXBuildFile section */
		450FB6AF2B46D6C90071F76A /* constants.swift in Sources */ = {isa = PBXBuildFile; fileRef = 450FB6AE2B46D6C90071F76A /* constants.swift */; };
		450FB6B12B4828160071F76A /* WalletModel.swift in Sources */ = {isa = PBXBuildFile; fileRef = 450FB6B02B4828160071F76A /* WalletModel.swift */; };
		450FB6B32B4832AB0071F76A /* StatsModel.swift in Sources */ = {isa = PBXBuildFile; fileRef = 450FB6B22B4832AB0071F76A /* StatsModel.swift */; };
		450FB6B52B4896B40071F76A /* SkeletonLoaderView.swift in Sources */ = {isa = PBXBuildFile; fileRef = 450FB6B42B4896B40071F76A /* SkeletonLoaderView.swift */; };
		4524288A2B4483BA00CC4381 /* BalanceCardView.swift in Sources */ = {isa = PBXBuildFile; fileRef = 452428892B4483BA00CC4381 /* BalanceCardView.swift */; };
		4534EF8A2B3F50E300FE1DDC /* CustomTab.swift in Sources */ = {isa = PBXBuildFile; fileRef = 4534EF892B3F50E300FE1DDC /* CustomTab.swift */; };
		4534EF8C2B3F514400FE1DDC /* Home.swift in Sources */ = {isa = PBXBuildFile; fileRef = 4534EF8B2B3F514400FE1DDC /* Home.swift */; };
		4534EF8E2B3F6D0600FE1DDC /* PlanView.swift in Sources */ = {isa = PBXBuildFile; fileRef = 4534EF8D2B3F6D0600FE1DDC /* PlanView.swift */; };
		4534EF902B3F6D1B00FE1DDC /* WalletView.swift in Sources */ = {isa = PBXBuildFile; fileRef = 4534EF8F2B3F6D1B00FE1DDC /* WalletView.swift */; };
		4534EF922B3F6D2600FE1DDC /* FeedView.swift in Sources */ = {isa = PBXBuildFile; fileRef = 4534EF912B3F6D2600FE1DDC /* FeedView.swift */; };
		4534EF942B3F6D3300FE1DDC /* AccountView.swift in Sources */ = {isa = PBXBuildFile; fileRef = 4534EF932B3F6D3300FE1DDC /* AccountView.swift */; };
		4534EF982B3F858B00FE1DDC /* Data.swift in Sources */ = {isa = PBXBuildFile; fileRef = 4534EF972B3F858B00FE1DDC /* Data.swift */; };
		456B1F382B3CA2E0004DC523 /* OnboardingView.swift in Sources */ = {isa = PBXBuildFile; fileRef = 456B1F372B3CA2E0004DC523 /* OnboardingView.swift */; };
		456B1F3A2B3CB490004DC523 /* LoginView.swift in Sources */ = {isa = PBXBuildFile; fileRef = 456B1F392B3CB490004DC523 /* LoginView.swift */; };
		456B1F3C2B3CB8D5004DC523 /* SignupView.swift in Sources */ = {isa = PBXBuildFile; fileRef = 456B1F3B2B3CB8D5004DC523 /* SignupView.swift */; };
		458C52D32B3BEACC0009393F /* RiseNativeApp.swift in Sources */ = {isa = PBXBuildFile; fileRef = 458C52D22B3BEACC0009393F /* RiseNativeApp.swift */; };
		458C52D52B3BEACC0009393F /* ContentView.swift in Sources */ = {isa = PBXBuildFile; fileRef = 458C52D42B3BEACC0009393F /* ContentView.swift */; };
		458C52D72B3BEACE0009393F /* Assets.xcassets in Resources */ = {isa = PBXBuildFile; fileRef = 458C52D62B3BEACE0009393F /* Assets.xcassets */; };
		458C52DA2B3BEACE0009393F /* Preview Assets.xcassets in Resources */ = {isa = PBXBuildFile; fileRef = 458C52D92B3BEACE0009393F /* Preview Assets.xcassets */; };
		458C52E22B3BF1A60009393F /* Color.swift in Sources */ = {isa = PBXBuildFile; fileRef = 458C52E12B3BF1A60009393F /* Color.swift */; };
		458C52F42B3BF76C0009393F /* DMSans-BoldItalic.ttf in Resources */ = {isa = PBXBuildFile; fileRef = 458C52E52B3BF76C0009393F /* DMSans-BoldItalic.ttf */; };
		458C52F52B3BF76C0009393F /* Gelion-Regular.ttf in Resources */ = {isa = PBXBuildFile; fileRef = 458C52E62B3BF76C0009393F /* Gelion-Regular.ttf */; };
		458C52F62B3BF76C0009393F /* DMSans-Bold.ttf in Resources */ = {isa = PBXBuildFile; fileRef = 458C52E72B3BF76C0009393F /* DMSans-Bold.ttf */; };
		458C52F72B3BF76C0009393F /* Gelion-Medium.ttf in Resources */ = {isa = PBXBuildFile; fileRef = 458C52E82B3BF76C0009393F /* Gelion-Medium.ttf */; };
		458C52F82B3BF76C0009393F /* DMSans-Italic.ttf in Resources */ = {isa = PBXBuildFile; fileRef = 458C52E92B3BF76C0009393F /* DMSans-Italic.ttf */; };
		458C52F92B3BF76C0009393F /* TomatoGrotesk-Regular-Italic.otf in Resources */ = {isa = PBXBuildFile; fileRef = 458C52EA2B3BF76C0009393F /* TomatoGrotesk-Regular-Italic.otf */; };
		458C52FA2B3BF76C0009393F /* TomatoGrotesk-Regular.otf in Resources */ = {isa = PBXBuildFile; fileRef = 458C52EB2B3BF76C0009393F /* TomatoGrotesk-Regular.otf */; };
		458C52FB2B3BF76C0009393F /* TomatoGrotesk-SemiBold.otf in Resources */ = {isa = PBXBuildFile; fileRef = 458C52EC2B3BF76C0009393F /* TomatoGrotesk-SemiBold.otf */; };
		458C52FC2B3BF76C0009393F /* Gelion-SemiBold.ttf in Resources */ = {isa = PBXBuildFile; fileRef = 458C52ED2B3BF76C0009393F /* Gelion-SemiBold.ttf */; };
		458C52FD2B3BF76C0009393F /* Gelion-Bold.ttf in Resources */ = {isa = PBXBuildFile; fileRef = 458C52EE2B3BF76C0009393F /* Gelion-Bold.ttf */; };
		458C52FE2B3BF76C0009393F /* Gelion-Light.ttf in Resources */ = {isa = PBXBuildFile; fileRef = 458C52EF2B3BF76C0009393F /* Gelion-Light.ttf */; };
		458C52FF2B3BF76C0009393F /* TomatoGrotesk-Medium.otf in Resources */ = {isa = PBXBuildFile; fileRef = 458C52F02B3BF76C0009393F /* TomatoGrotesk-Medium.otf */; };
		458C53002B3BF76C0009393F /* DMSans-Regular.ttf in Resources */ = {isa = PBXBuildFile; fileRef = 458C52F12B3BF76C0009393F /* DMSans-Regular.ttf */; };
		458C53012B3BF76C0009393F /* DMSans-Medium.ttf in Resources */ = {isa = PBXBuildFile; fileRef = 458C52F22B3BF76C0009393F /* DMSans-Medium.ttf */; };
		458C53022B3BF76C0009393F /* DMSans-MediumItalic.ttf in Resources */ = {isa = PBXBuildFile; fileRef = 458C52F32B3BF76C0009393F /* DMSans-MediumItalic.ttf */; };
		458C53052B3BF7980009393F /* CustomButtonStyle.swift in Sources */ = {isa = PBXBuildFile; fileRef = 458C53042B3BF7980009393F /* CustomButtonStyle.swift */; };
		458C531C2B3C12A10009393F /* LaunchScreen.storyboard in Resources */ = {isa = PBXBuildFile; fileRef = 458C531B2B3C12A10009393F /* LaunchScreen.storyboard */; };
		45BE5A482B40948D00EB3457 /* AuthModel.swift in Sources */ = {isa = PBXBuildFile; fileRef = 45BE5A472B40948D00EB3457 /* AuthModel.swift */; };
		45BE5A4A2B4094BF00EB3457 /* ProfileModel.swift in Sources */ = {isa = PBXBuildFile; fileRef = 45BE5A492B4094BF00EB3457 /* ProfileModel.swift */; };
		45C6BBA52B423A9100B5D06D /* ImageStyle.swift in Sources */ = {isa = PBXBuildFile; fileRef = 45C6BBA42B423A9100B5D06D /* ImageStyle.swift */; };
		45D4EDD22B3EB21500E098AA /* Api.swift in Sources */ = {isa = PBXBuildFile; fileRef = 45D4EDD12B3EB21500E098AA /* Api.swift */; };
		45D4EDD42B3EFD8E00E098AA /* LayoutView.swift in Sources */ = {isa = PBXBuildFile; fileRef = 45D4EDD32B3EFD8E00E098AA /* LayoutView.swift */; };
		45E0E03B2B41F2A1005F0CAA /* CampaignImageView.swift in Sources */ = {isa = PBXBuildFile; fileRef = 45E0E03A2B41F2A1005F0CAA /* CampaignImageView.swift */; };
		45E5FEA22B41867500A2BB99 /* CampaignCardView.swift in Sources */ = {isa = PBXBuildFile; fileRef = 45E5FEA12B41867500A2BB99 /* CampaignCardView.swift */; };
		45E5FEA42B4187D200A2BB99 /* CampaignModel.swift in Sources */ = {isa = PBXBuildFile; fileRef = 45E5FEA32B4187D200A2BB99 /* CampaignModel.swift */; };
/* End PBXBuildFile section */

/* Begin PBXFileReference section */
		450FB6AE2B46D6C90071F76A /* constants.swift */ = {isa = PBXFileReference; fileEncoding = 4; lastKnownFileType = sourcecode.swift; path = constants.swift; sourceTree = "<group>"; };
		450FB6B02B4828160071F76A /* WalletModel.swift */ = {isa = PBXFileReference; lastKnownFileType = sourcecode.swift; path = WalletModel.swift; sourceTree = "<group>"; };
		450FB6B22B4832AB0071F76A /* StatsModel.swift */ = {isa = PBXFileReference; lastKnownFileType = sourcecode.swift; path = StatsModel.swift; sourceTree = "<group>"; };
		450FB6B42B4896B40071F76A /* SkeletonLoaderView.swift */ = {isa = PBXFileReference; lastKnownFileType = sourcecode.swift; path = SkeletonLoaderView.swift; sourceTree = "<group>"; };
		452428892B4483BA00CC4381 /* BalanceCardView.swift */ = {isa = PBXFileReference; lastKnownFileType = sourcecode.swift; path = BalanceCardView.swift; sourceTree = "<group>"; };
		4534EF892B3F50E300FE1DDC /* CustomTab.swift */ = {isa = PBXFileReference; lastKnownFileType = sourcecode.swift; path = CustomTab.swift; sourceTree = "<group>"; };
		4534EF8B2B3F514400FE1DDC /* Home.swift */ = {isa = PBXFileReference; lastKnownFileType = sourcecode.swift; path = Home.swift; sourceTree = "<group>"; };
		4534EF8D2B3F6D0600FE1DDC /* PlanView.swift */ = {isa = PBXFileReference; lastKnownFileType = sourcecode.swift; path = PlanView.swift; sourceTree = "<group>"; };
		4534EF8F2B3F6D1B00FE1DDC /* WalletView.swift */ = {isa = PBXFileReference; lastKnownFileType = sourcecode.swift; path = WalletView.swift; sourceTree = "<group>"; };
		4534EF912B3F6D2600FE1DDC /* FeedView.swift */ = {isa = PBXFileReference; lastKnownFileType = sourcecode.swift; path = FeedView.swift; sourceTree = "<group>"; };
		4534EF932B3F6D3300FE1DDC /* AccountView.swift */ = {isa = PBXFileReference; lastKnownFileType = sourcecode.swift; path = AccountView.swift; sourceTree = "<group>"; };
		4534EF972B3F858B00FE1DDC /* Data.swift */ = {isa = PBXFileReference; lastKnownFileType = sourcecode.swift; path = Data.swift; sourceTree = "<group>"; };
		456B1F372B3CA2E0004DC523 /* OnboardingView.swift */ = {isa = PBXFileReference; lastKnownFileType = sourcecode.swift; path = OnboardingView.swift; sourceTree = "<group>"; };
		456B1F392B3CB490004DC523 /* LoginView.swift */ = {isa = PBXFileReference; lastKnownFileType = sourcecode.swift; path = LoginView.swift; sourceTree = "<group>"; };
		456B1F3B2B3CB8D5004DC523 /* SignupView.swift */ = {isa = PBXFileReference; lastKnownFileType = sourcecode.swift; path = SignupView.swift; sourceTree = "<group>"; };
		458C52CF2B3BEACC0009393F /* RiseNative.app */ = {isa = PBXFileReference; explicitFileType = wrapper.application; includeInIndex = 0; path = RiseNative.app; sourceTree = BUILT_PRODUCTS_DIR; };
		458C52D22B3BEACC0009393F /* RiseNativeApp.swift */ = {isa = PBXFileReference; lastKnownFileType = sourcecode.swift; path = RiseNativeApp.swift; sourceTree = "<group>"; };
		458C52D42B3BEACC0009393F /* ContentView.swift */ = {isa = PBXFileReference; lastKnownFileType = sourcecode.swift; path = ContentView.swift; sourceTree = "<group>"; };
		458C52D62B3BEACE0009393F /* Assets.xcassets */ = {isa = PBXFileReference; lastKnownFileType = folder.assetcatalog; path = Assets.xcassets; sourceTree = "<group>"; };
		458C52D92B3BEACE0009393F /* Preview Assets.xcassets */ = {isa = PBXFileReference; lastKnownFileType = folder.assetcatalog; path = "Preview Assets.xcassets"; sourceTree = "<group>"; };
		458C52E12B3BF1A60009393F /* Color.swift */ = {isa = PBXFileReference; lastKnownFileType = sourcecode.swift; path = Color.swift; sourceTree = "<group>"; };
		458C52E52B3BF76C0009393F /* DMSans-BoldItalic.ttf */ = {isa = PBXFileReference; lastKnownFileType = file; path = "DMSans-BoldItalic.ttf"; sourceTree = "<group>"; };
		458C52E62B3BF76C0009393F /* Gelion-Regular.ttf */ = {isa = PBXFileReference; lastKnownFileType = file; path = "Gelion-Regular.ttf"; sourceTree = "<group>"; };
		458C52E72B3BF76C0009393F /* DMSans-Bold.ttf */ = {isa = PBXFileReference; lastKnownFileType = file; path = "DMSans-Bold.ttf"; sourceTree = "<group>"; };
		458C52E82B3BF76C0009393F /* Gelion-Medium.ttf */ = {isa = PBXFileReference; lastKnownFileType = file; path = "Gelion-Medium.ttf"; sourceTree = "<group>"; };
		458C52E92B3BF76C0009393F /* DMSans-Italic.ttf */ = {isa = PBXFileReference; lastKnownFileType = file; path = "DMSans-Italic.ttf"; sourceTree = "<group>"; };
		458C52EA2B3BF76C0009393F /* TomatoGrotesk-Regular-Italic.otf */ = {isa = PBXFileReference; lastKnownFileType = file; path = "TomatoGrotesk-Regular-Italic.otf"; sourceTree = "<group>"; };
		458C52EB2B3BF76C0009393F /* TomatoGrotesk-Regular.otf */ = {isa = PBXFileReference; lastKnownFileType = file; path = "TomatoGrotesk-Regular.otf"; sourceTree = "<group>"; };
		458C52EC2B3BF76C0009393F /* TomatoGrotesk-SemiBold.otf */ = {isa = PBXFileReference; lastKnownFileType = file; path = "TomatoGrotesk-SemiBold.otf"; sourceTree = "<group>"; };
		458C52ED2B3BF76C0009393F /* Gelion-SemiBold.ttf */ = {isa = PBXFileReference; lastKnownFileType = file; path = "Gelion-SemiBold.ttf"; sourceTree = "<group>"; };
		458C52EE2B3BF76C0009393F /* Gelion-Bold.ttf */ = {isa = PBXFileReference; lastKnownFileType = file; path = "Gelion-Bold.ttf"; sourceTree = "<group>"; };
		458C52EF2B3BF76C0009393F /* Gelion-Light.ttf */ = {isa = PBXFileReference; lastKnownFileType = file; path = "Gelion-Light.ttf"; sourceTree = "<group>"; };
		458C52F02B3BF76C0009393F /* TomatoGrotesk-Medium.otf */ = {isa = PBXFileReference; lastKnownFileType = file; path = "TomatoGrotesk-Medium.otf"; sourceTree = "<group>"; };
		458C52F12B3BF76C0009393F /* DMSans-Regular.ttf */ = {isa = PBXFileReference; lastKnownFileType = file; path = "DMSans-Regular.ttf"; sourceTree = "<group>"; };
		458C52F22B3BF76C0009393F /* DMSans-Medium.ttf */ = {isa = PBXFileReference; lastKnownFileType = file; path = "DMSans-Medium.ttf"; sourceTree = "<group>"; };
		458C52F32B3BF76C0009393F /* DMSans-MediumItalic.ttf */ = {isa = PBXFileReference; lastKnownFileType = file; path = "DMSans-MediumItalic.ttf"; sourceTree = "<group>"; };
		458C53042B3BF7980009393F /* CustomButtonStyle.swift */ = {isa = PBXFileReference; lastKnownFileType = sourcecode.swift; path = CustomButtonStyle.swift; sourceTree = "<group>"; };
		458C53062B3BFC5F0009393F /* Info.plist */ = {isa = PBXFileReference; lastKnownFileType = text.plist; path = Info.plist; sourceTree = "<group>"; };
		458C531B2B3C12A10009393F /* LaunchScreen.storyboard */ = {isa = PBXFileReference; lastKnownFileType = file.storyboard; path = LaunchScreen.storyboard; sourceTree = "<group>"; };
		45BE5A472B40948D00EB3457 /* AuthModel.swift */ = {isa = PBXFileReference; lastKnownFileType = sourcecode.swift; path = AuthModel.swift; sourceTree = "<group>"; };
		45BE5A492B4094BF00EB3457 /* ProfileModel.swift */ = {isa = PBXFileReference; lastKnownFileType = sourcecode.swift; path = ProfileModel.swift; sourceTree = "<group>"; };
		45C6BBA42B423A9100B5D06D /* ImageStyle.swift */ = {isa = PBXFileReference; lastKnownFileType = sourcecode.swift; path = ImageStyle.swift; sourceTree = "<group>"; };
		45D4EDD12B3EB21500E098AA /* Api.swift */ = {isa = PBXFileReference; lastKnownFileType = sourcecode.swift; path = Api.swift; sourceTree = "<group>"; };
		45D4EDD32B3EFD8E00E098AA /* LayoutView.swift */ = {isa = PBXFileReference; lastKnownFileType = sourcecode.swift; path = LayoutView.swift; sourceTree = "<group>"; };
		45E0E03A2B41F2A1005F0CAA /* CampaignImageView.swift */ = {isa = PBXFileReference; lastKnownFileType = sourcecode.swift; path = CampaignImageView.swift; sourceTree = "<group>"; };
		45E5FEA12B41867500A2BB99 /* CampaignCardView.swift */ = {isa = PBXFileReference; lastKnownFileType = sourcecode.swift; path = CampaignCardView.swift; sourceTree = "<group>"; };
		45E5FEA32B4187D200A2BB99 /* CampaignModel.swift */ = {isa = PBXFileReference; lastKnownFileType = sourcecode.swift; path = CampaignModel.swift; sourceTree = "<group>"; };
/* End PBXFileReference section */

/* Begin PBXFrameworksBuildPhase section */
		458C52CC2B3BEACC0009393F /* Frameworks */ = {
			isa = PBXFrameworksBuildPhase;
			buildActionMask = 2147483647;
			files = (
			);
			runOnlyForDeploymentPostprocessing = 0;
		};
/* End PBXFrameworksBuildPhase section */

/* Begin PBXGroup section */
		4534EF952B3F844800FE1DDC /* Utils */ = {
			isa = PBXGroup;
			children = (
				450FB6AE2B46D6C90071F76A /* constants.swift */,
				45D4EDD12B3EB21500E098AA /* Api.swift */,
			);
			path = Utils;
			sourceTree = "<group>";
		};
		4534EF962B3F845600FE1DDC /* Components */ = {
			isa = PBXGroup;
			children = (
				4534EF892B3F50E300FE1DDC /* CustomTab.swift */,
				45E5FEA12B41867500A2BB99 /* CampaignCardView.swift */,
				452428892B4483BA00CC4381 /* BalanceCardView.swift */,
				450FB6B42B4896B40071F76A /* SkeletonLoaderView.swift */,
			);
			path = Components;
			sourceTree = "<group>";
		};
		456B1F3D2B3CCDF2004DC523 /* Pages */ = {
			isa = PBXGroup;
			children = (
				456B1F372B3CA2E0004DC523 /* OnboardingView.swift */,
				456B1F392B3CB490004DC523 /* LoginView.swift */,
				456B1F3B2B3CB8D5004DC523 /* SignupView.swift */,
				45D4EDD32B3EFD8E00E098AA /* LayoutView.swift */,
				4534EF8B2B3F514400FE1DDC /* Home.swift */,
				4534EF8D2B3F6D0600FE1DDC /* PlanView.swift */,
				4534EF8F2B3F6D1B00FE1DDC /* WalletView.swift */,
				4534EF912B3F6D2600FE1DDC /* FeedView.swift */,
				4534EF932B3F6D3300FE1DDC /* AccountView.swift */,
				45E0E03A2B41F2A1005F0CAA /* CampaignImageView.swift */,
			);
			path = Pages;
			sourceTree = "<group>";
		};
		458C52C62B3BEACC0009393F = {
			isa = PBXGroup;
			children = (
				458C52D12B3BEACC0009393F /* RiseNative */,
				458C52D02B3BEACC0009393F /* Products */,
			);
			sourceTree = "<group>";
		};
		458C52D02B3BEACC0009393F /* Products */ = {
			isa = PBXGroup;
			children = (
				458C52CF2B3BEACC0009393F /* RiseNative.app */,
			);
			name = Products;
			sourceTree = "<group>";
		};
		458C52D12B3BEACC0009393F /* RiseNative */ = {
			isa = PBXGroup;
			children = (
				45BE5A4B2B4094F100EB3457 /* Model */,
				4534EF972B3F858B00FE1DDC /* Data.swift */,
				458C53062B3BFC5F0009393F /* Info.plist */,
				458C53032B3BF7790009393F /* Fonts */,
				458C52E02B3BF17A0009393F /* Design System */,
				458C52D22B3BEACC0009393F /* RiseNativeApp.swift */,
				458C52D42B3BEACC0009393F /* ContentView.swift */,
				458C52D62B3BEACE0009393F /* Assets.xcassets */,
				458C52D82B3BEACE0009393F /* Preview Content */,
				458C531B2B3C12A10009393F /* LaunchScreen.storyboard */,
				456B1F3D2B3CCDF2004DC523 /* Pages */,
				4534EF952B3F844800FE1DDC /* Utils */,
				4534EF962B3F845600FE1DDC /* Components */,
			);
			path = RiseNative;
			sourceTree = "<group>";
		};
		458C52D82B3BEACE0009393F /* Preview Content */ = {
			isa = PBXGroup;
			children = (
				458C52D92B3BEACE0009393F /* Preview Assets.xcassets */,
			);
			path = "Preview Content";
			sourceTree = "<group>";
		};
		458C52E02B3BF17A0009393F /* Design System */ = {
			isa = PBXGroup;
			children = (
				458C52E12B3BF1A60009393F /* Color.swift */,
				458C53042B3BF7980009393F /* CustomButtonStyle.swift */,
				45C6BBA42B423A9100B5D06D /* ImageStyle.swift */,
			);
			path = "Design System";
			sourceTree = "<group>";
		};
		458C53032B3BF7790009393F /* Fonts */ = {
			isa = PBXGroup;
			children = (
				458C52E72B3BF76C0009393F /* DMSans-Bold.ttf */,
				458C52E52B3BF76C0009393F /* DMSans-BoldItalic.ttf */,
				458C52E92B3BF76C0009393F /* DMSans-Italic.ttf */,
				458C52F22B3BF76C0009393F /* DMSans-Medium.ttf */,
				458C52F32B3BF76C0009393F /* DMSans-MediumItalic.ttf */,
				458C52F12B3BF76C0009393F /* DMSans-Regular.ttf */,
				458C52EE2B3BF76C0009393F /* Gelion-Bold.ttf */,
				458C52EF2B3BF76C0009393F /* Gelion-Light.ttf */,
				458C52E82B3BF76C0009393F /* Gelion-Medium.ttf */,
				458C52E62B3BF76C0009393F /* Gelion-Regular.ttf */,
				458C52ED2B3BF76C0009393F /* Gelion-SemiBold.ttf */,
				458C52F02B3BF76C0009393F /* TomatoGrotesk-Medium.otf */,
				458C52EA2B3BF76C0009393F /* TomatoGrotesk-Regular-Italic.otf */,
				458C52EB2B3BF76C0009393F /* TomatoGrotesk-Regular.otf */,
				458C52EC2B3BF76C0009393F /* TomatoGrotesk-SemiBold.otf */,
			);
			path = Fonts;
			sourceTree = "<group>";
		};
		45BE5A4B2B4094F100EB3457 /* Model */ = {
			isa = PBXGroup;
			children = (
				45BE5A492B4094BF00EB3457 /* ProfileModel.swift */,
				45BE5A472B40948D00EB3457 /* AuthModel.swift */,
				45E5FEA32B4187D200A2BB99 /* CampaignModel.swift */,
				450FB6B02B4828160071F76A /* WalletModel.swift */,
				450FB6B22B4832AB0071F76A /* StatsModel.swift */,
			);
			path = Model;
			sourceTree = "<group>";
		};
/* End PBXGroup section */

/* Begin PBXNativeTarget section */
		458C52CE2B3BEACC0009393F /* RiseNative */ = {
			isa = PBXNativeTarget;
			buildConfigurationList = 458C52DD2B3BEACE0009393F /* Build configuration list for PBXNativeTarget "RiseNative" */;
			buildPhases = (
				458C52CB2B3BEACC0009393F /* Sources */,
				458C52CC2B3BEACC0009393F /* Frameworks */,
				458C52CD2B3BEACC0009393F /* Resources */,
			);
			buildRules = (
			);
			dependencies = (
			);
			name = RiseNative;
			productName = RiseNative;
			productReference = 458C52CF2B3BEACC0009393F /* RiseNative.app */;
			productType = "com.apple.product-type.application";
		};
/* End PBXNativeTarget section */

/* Begin PBXProject section */
		458C52C72B3BEACC0009393F /* Project object */ = {
			isa = PBXProject;
			attributes = {
				BuildIndependentTargetsInParallel = 1;
				LastSwiftUpdateCheck = 1500;
				LastUpgradeCheck = 1500;
				TargetAttributes = {
					458C52CE2B3BEACC0009393F = {
						CreatedOnToolsVersion = 15.0.1;
					};
				};
			};
			buildConfigurationList = 458C52CA2B3BEACC0009393F /* Build configuration list for PBXProject "RiseNative" */;
			compatibilityVersion = "Xcode 14.0";
			developmentRegion = en;
			hasScannedForEncodings = 0;
			knownRegions = (
				en,
				Base,
			);
			mainGroup = 458C52C62B3BEACC0009393F;
			productRefGroup = 458C52D02B3BEACC0009393F /* Products */;
			projectDirPath = "";
			projectRoot = "";
			targets = (
				458C52CE2B3BEACC0009393F /* RiseNative */,
			);
		};
/* End PBXProject section */

/* Begin PBXResourcesBuildPhase section */
		458C52CD2B3BEACC0009393F /* Resources */ = {
			isa = PBXResourcesBuildPhase;
			buildActionMask = 2147483647;
			files = (
				458C53002B3BF76C0009393F /* DMSans-Regular.ttf in Resources */,
				458C53012B3BF76C0009393F /* DMSans-Medium.ttf in Resources */,
				458C52FA2B3BF76C0009393F /* TomatoGrotesk-Regular.otf in Resources */,
				458C52F92B3BF76C0009393F /* TomatoGrotesk-Regular-Italic.otf in Resources */,
				458C53022B3BF76C0009393F /* DMSans-MediumItalic.ttf in Resources */,
				458C52FB2B3BF76C0009393F /* TomatoGrotesk-SemiBold.otf in Resources */,
				458C52DA2B3BEACE0009393F /* Preview Assets.xcassets in Resources */,
				458C52F62B3BF76C0009393F /* DMSans-Bold.ttf in Resources */,
				458C52FC2B3BF76C0009393F /* Gelion-SemiBold.ttf in Resources */,
				458C531C2B3C12A10009393F /* LaunchScreen.storyboard in Resources */,
				458C52F82B3BF76C0009393F /* DMSans-Italic.ttf in Resources */,
				458C52D72B3BEACE0009393F /* Assets.xcassets in Resources */,
				458C52FE2B3BF76C0009393F /* Gelion-Light.ttf in Resources */,
				458C52F72B3BF76C0009393F /* Gelion-Medium.ttf in Resources */,
				458C52F42B3BF76C0009393F /* DMSans-BoldItalic.ttf in Resources */,
				458C52F52B3BF76C0009393F /* Gelion-Regular.ttf in Resources */,
				458C52FF2B3BF76C0009393F /* TomatoGrotesk-Medium.otf in Resources */,
				458C52FD2B3BF76C0009393F /* Gelion-Bold.ttf in Resources */,
			);
			runOnlyForDeploymentPostprocessing = 0;
		};
/* End PBXResourcesBuildPhase section */

/* Begin PBXSourcesBuildPhase section */
		458C52CB2B3BEACC0009393F /* Sources */ = {
			isa = PBXSourcesBuildPhase;
			buildActionMask = 2147483647;
			files = (
				45C6BBA52B423A9100B5D06D /* ImageStyle.swift in Sources */,
				456B1F3C2B3CB8D5004DC523 /* SignupView.swift in Sources */,
				456B1F3A2B3CB490004DC523 /* LoginView.swift in Sources */,
				45E0E03B2B41F2A1005F0CAA /* CampaignImageView.swift in Sources */,
				45D4EDD42B3EFD8E00E098AA /* LayoutView.swift in Sources */,
				4534EF902B3F6D1B00FE1DDC /* WalletView.swift in Sources */,
				45E5FEA42B4187D200A2BB99 /* CampaignModel.swift in Sources */,
				45BE5A4A2B4094BF00EB3457 /* ProfileModel.swift in Sources */,
				4534EF942B3F6D3300FE1DDC /* AccountView.swift in Sources */,
				45E5FEA22B41867500A2BB99 /* CampaignCardView.swift in Sources */,
				4534EF8E2B3F6D0600FE1DDC /* PlanView.swift in Sources */,
				458C52D52B3BEACC0009393F /* ContentView.swift in Sources */,
				4534EF8A2B3F50E300FE1DDC /* CustomTab.swift in Sources */,
				458C53052B3BF7980009393F /* CustomButtonStyle.swift in Sources */,
				458C52D32B3BEACC0009393F /* RiseNativeApp.swift in Sources */,
				450FB6B12B4828160071F76A /* WalletModel.swift in Sources */,
				4534EF922B3F6D2600FE1DDC /* FeedView.swift in Sources */,
				456B1F382B3CA2E0004DC523 /* OnboardingView.swift in Sources */,
				4534EF982B3F858B00FE1DDC /* Data.swift in Sources */,
				4524288A2B4483BA00CC4381 /* BalanceCardView.swift in Sources */,
				45D4EDD22B3EB21500E098AA /* Api.swift in Sources */,
				450FB6B52B4896B40071F76A /* SkeletonLoaderView.swift in Sources */,
				4534EF8C2B3F514400FE1DDC /* Home.swift in Sources */,
				458C52E22B3BF1A60009393F /* Color.swift in Sources */,
				45BE5A482B40948D00EB3457 /* AuthModel.swift in Sources */,
				450FB6AF2B46D6C90071F76A /* constants.swift in Sources */,
				450FB6B32B4832AB0071F76A /* StatsModel.swift in Sources */,
			);
			runOnlyForDeploymentPostprocessing = 0;
		};
/* End PBXSourcesBuildPhase section */

/* Begin XCBuildConfiguration section */
		458C52DB2B3BEACE0009393F /* Debug */ = {
			isa = XCBuildConfiguration;
			buildSettings = {
				ALWAYS_SEARCH_USER_PATHS = NO;
				ASSETCATALOG_COMPILER_GENERATE_SWIFT_ASSET_SYMBOL_EXTENSIONS = YES;
				CLANG_ANALYZER_NONNULL = YES;
				CLANG_ANALYZER_NUMBER_OBJECT_CONVERSION = YES_AGGRESSIVE;
				CLANG_CXX_LANGUAGE_STANDARD = "gnu++20";
				CLANG_ENABLE_MODULES = YES;
				CLANG_ENABLE_OBJC_ARC = YES;
				CLANG_ENABLE_OBJC_WEAK = YES;
				CLANG_WARN_BLOCK_CAPTURE_AUTORELEASING = YES;
				CLANG_WARN_BOOL_CONVERSION = YES;
				CLANG_WARN_COMMA = YES;
				CLANG_WARN_CONSTANT_CONVERSION = YES;
				CLANG_WARN_DEPRECATED_OBJC_IMPLEMENTATIONS = YES;
				CLANG_WARN_DIRECT_OBJC_ISA_USAGE = YES_ERROR;
				CLANG_WARN_DOCUMENTATION_COMMENTS = YES;
				CLANG_WARN_EMPTY_BODY = YES;
				CLANG_WARN_ENUM_CONVERSION = YES;
				CLANG_WARN_INFINITE_RECURSION = YES;
				CLANG_WARN_INT_CONVERSION = YES;
				CLANG_WARN_NON_LITERAL_NULL_CONVERSION = YES;
				CLANG_WARN_OBJC_IMPLICIT_RETAIN_SELF = YES;
				CLANG_WARN_OBJC_LITERAL_CONVERSION = YES;
				CLANG_WARN_OBJC_ROOT_CLASS = YES_ERROR;
				CLANG_WARN_QUOTED_INCLUDE_IN_FRAMEWORK_HEADER = YES;
				CLANG_WARN_RANGE_LOOP_ANALYSIS = YES;
				CLANG_WARN_STRICT_PROTOTYPES = YES;
				CLANG_WARN_SUSPICIOUS_MOVE = YES;
				CLANG_WARN_UNGUARDED_AVAILABILITY = YES_AGGRESSIVE;
				CLANG_WARN_UNREACHABLE_CODE = YES;
				CLANG_WARN__DUPLICATE_METHOD_MATCH = YES;
				COPY_PHASE_STRIP = NO;
				DEBUG_INFORMATION_FORMAT = dwarf;
				ENABLE_STRICT_OBJC_MSGSEND = YES;
				ENABLE_TESTABILITY = YES;
				ENABLE_USER_SCRIPT_SANDBOXING = YES;
				GCC_C_LANGUAGE_STANDARD = gnu17;
				GCC_DYNAMIC_NO_PIC = NO;
				GCC_NO_COMMON_BLOCKS = YES;
				GCC_OPTIMIZATION_LEVEL = 0;
				GCC_PREPROCESSOR_DEFINITIONS = (
					"DEBUG=1",
					"$(inherited)",
				);
				GCC_WARN_64_TO_32_BIT_CONVERSION = YES;
				GCC_WARN_ABOUT_RETURN_TYPE = YES_ERROR;
				GCC_WARN_UNDECLARED_SELECTOR = YES;
				GCC_WARN_UNINITIALIZED_AUTOS = YES_AGGRESSIVE;
				GCC_WARN_UNUSED_FUNCTION = YES;
				GCC_WARN_UNUSED_VARIABLE = YES;
				IPHONEOS_DEPLOYMENT_TARGET = 17.0;
				LOCALIZATION_PREFERS_STRING_CATALOGS = YES;
				MTL_ENABLE_DEBUG_INFO = INCLUDE_SOURCE;
				MTL_FAST_MATH = YES;
				ONLY_ACTIVE_ARCH = YES;
				SDKROOT = iphoneos;
				SWIFT_ACTIVE_COMPILATION_CONDITIONS = "DEBUG $(inherited)";
				SWIFT_OPTIMIZATION_LEVEL = "-Onone";
			};
			name = Debug;
		};
		458C52DC2B3BEACE0009393F /* Release */ = {
			isa = XCBuildConfiguration;
			buildSettings = {
				ALWAYS_SEARCH_USER_PATHS = NO;
				ASSETCATALOG_COMPILER_GENERATE_SWIFT_ASSET_SYMBOL_EXTENSIONS = YES;
				CLANG_ANALYZER_NONNULL = YES;
				CLANG_ANALYZER_NUMBER_OBJECT_CONVERSION = YES_AGGRESSIVE;
				CLANG_CXX_LANGUAGE_STANDARD = "gnu++20";
				CLANG_ENABLE_MODULES = YES;
				CLANG_ENABLE_OBJC_ARC = YES;
				CLANG_ENABLE_OBJC_WEAK = YES;
				CLANG_WARN_BLOCK_CAPTURE_AUTORELEASING = YES;
				CLANG_WARN_BOOL_CONVERSION = YES;
				CLANG_WARN_COMMA = YES;
				CLANG_WARN_CONSTANT_CONVERSION = YES;
				CLANG_WARN_DEPRECATED_OBJC_IMPLEMENTATIONS = YES;
				CLANG_WARN_DIRECT_OBJC_ISA_USAGE = YES_ERROR;
				CLANG_WARN_DOCUMENTATION_COMMENTS = YES;
				CLANG_WARN_EMPTY_BODY = YES;
				CLANG_WARN_ENUM_CONVERSION = YES;
				CLANG_WARN_INFINITE_RECURSION = YES;
				CLANG_WARN_INT_CONVERSION = YES;
				CLANG_WARN_NON_LITERAL_NULL_CONVERSION = YES;
				CLANG_WARN_OBJC_IMPLICIT_RETAIN_SELF = YES;
				CLANG_WARN_OBJC_LITERAL_CONVERSION = YES;
				CLANG_WARN_OBJC_ROOT_CLASS = YES_ERROR;
				CLANG_WARN_QUOTED_INCLUDE_IN_FRAMEWORK_HEADER = YES;
				CLANG_WARN_RANGE_LOOP_ANALYSIS = YES;
				CLANG_WARN_STRICT_PROTOTYPES = YES;
				CLANG_WARN_SUSPICIOUS_MOVE = YES;
				CLANG_WARN_UNGUARDED_AVAILABILITY = YES_AGGRESSIVE;
				CLANG_WARN_UNREACHABLE_CODE = YES;
				CLANG_WARN__DUPLICATE_METHOD_MATCH = YES;
				COPY_PHASE_STRIP = NO;
				DEBUG_INFORMATION_FORMAT = "dwarf-with-dsym";
				ENABLE_NS_ASSERTIONS = NO;
				ENABLE_STRICT_OBJC_MSGSEND = YES;
				ENABLE_USER_SCRIPT_SANDBOXING = YES;
				GCC_C_LANGUAGE_STANDARD = gnu17;
				GCC_NO_COMMON_BLOCKS = YES;
				GCC_WARN_64_TO_32_BIT_CONVERSION = YES;
				GCC_WARN_ABOUT_RETURN_TYPE = YES_ERROR;
				GCC_WARN_UNDECLARED_SELECTOR = YES;
				GCC_WARN_UNINITIALIZED_AUTOS = YES_AGGRESSIVE;
				GCC_WARN_UNUSED_FUNCTION = YES;
				GCC_WARN_UNUSED_VARIABLE = YES;
				IPHONEOS_DEPLOYMENT_TARGET = 17.0;
				LOCALIZATION_PREFERS_STRING_CATALOGS = YES;
				MTL_ENABLE_DEBUG_INFO = NO;
				MTL_FAST_MATH = YES;
				SDKROOT = iphoneos;
				SWIFT_COMPILATION_MODE = wholemodule;
				VALIDATE_PRODUCT = YES;
			};
			name = Release;
		};
		458C52DE2B3BEACE0009393F /* Debug */ = {
			isa = XCBuildConfiguration;
			buildSettings = {
				ASSETCATALOG_COMPILER_APPICON_NAME = AppIcon;
				ASSETCATALOG_COMPILER_GLOBAL_ACCENT_COLOR_NAME = AccentColor;
				CODE_SIGN_STYLE = Automatic;
				CURRENT_PROJECT_VERSION = 1;
				DEVELOPMENT_ASSET_PATHS = "\"RiseNative/Preview Content\"";
				DEVELOPMENT_TEAM = 57PCP37963;
				ENABLE_PREVIEWS = YES;
				GENERATE_INFOPLIST_FILE = YES;
				INFOPLIST_FILE = RiseNative/Info.plist;
				INFOPLIST_KEY_UIApplicationSceneManifest_Generation = YES;
				INFOPLIST_KEY_UIApplicationSupportsIndirectInputEvents = YES;
				INFOPLIST_KEY_UILaunchScreen_Generation = YES;
				INFOPLIST_KEY_UILaunchStoryboardName = LaunchScreen.storyboard;
				INFOPLIST_KEY_UISupportedInterfaceOrientations = UIInterfaceOrientationPortrait;
				INFOPLIST_KEY_UISupportedInterfaceOrientations_iPad = "UIInterfaceOrientationLandscapeRight UIInterfaceOrientationPortrait";
				LD_RUNPATH_SEARCH_PATHS = (
					"$(inherited)",
					"@executable_path/Frameworks",
				);
				MARKETING_VERSION = 1.0;
				PRODUCT_BUNDLE_IDENTIFIER = com.kehinde.RiseNative;
				PRODUCT_NAME = "$(TARGET_NAME)";
				SWIFT_EMIT_LOC_STRINGS = YES;
				SWIFT_VERSION = 5.0;
				TARGETED_DEVICE_FAMILY = "1,2";
			};
			name = Debug;
		};
		458C52DF2B3BEACE0009393F /* Release */ = {
			isa = XCBuildConfiguration;
			buildSettings = {
				ASSETCATALOG_COMPILER_APPICON_NAME = AppIcon;
				ASSETCATALOG_COMPILER_GLOBAL_ACCENT_COLOR_NAME = AccentColor;
				CODE_SIGN_STYLE = Automatic;
				CURRENT_PROJECT_VERSION = 1;
				DEVELOPMENT_ASSET_PATHS = "\"RiseNative/Preview Content\"";
				DEVELOPMENT_TEAM = 57PCP37963;
				ENABLE_PREVIEWS = YES;
				GENERATE_INFOPLIST_FILE = YES;
				INFOPLIST_FILE = RiseNative/Info.plist;
				INFOPLIST_KEY_UIApplicationSceneManifest_Generation = YES;
				INFOPLIST_KEY_UIApplicationSupportsIndirectInputEvents = YES;
				INFOPLIST_KEY_UILaunchScreen_Generation = YES;
				INFOPLIST_KEY_UILaunchStoryboardName = LaunchScreen.storyboard;
				INFOPLIST_KEY_UISupportedInterfaceOrientations = UIInterfaceOrientationPortrait;
				INFOPLIST_KEY_UISupportedInterfaceOrientations_iPad = "UIInterfaceOrientationLandscapeRight UIInterfaceOrientationPortrait";
				LD_RUNPATH_SEARCH_PATHS = (
					"$(inherited)",
					"@executable_path/Frameworks",
				);
				MARKETING_VERSION = 1.0;
				PRODUCT_BUNDLE_IDENTIFIER = com.kehinde.RiseNative;
				PRODUCT_NAME = "$(TARGET_NAME)";
				SWIFT_EMIT_LOC_STRINGS = YES;
				SWIFT_VERSION = 5.0;
				TARGETED_DEVICE_FAMILY = "1,2";
			};
			name = Release;
		};
/* End XCBuildConfiguration section */

/* Begin XCConfigurationList section */
		458C52CA2B3BEACC0009393F /* Build configuration list for PBXProject "RiseNative" */ = {
			isa = XCConfigurationList;
			buildConfigurations = (
				458C52DB2B3BEACE0009393F /* Debug */,
				458C52DC2B3BEACE0009393F /* Release */,
			);
			defaultConfigurationIsVisible = 0;
			defaultConfigurationName = Release;
		};
		458C52DD2B3BEACE0009393F /* Build configuration list for PBXNativeTarget "RiseNative" */ = {
			isa = XCConfigurationList;
			buildConfigurations = (
				458C52DE2B3BEACE0009393F /* Debug */,
				458C52DF2B3BEACE0009393F /* Release */,
			);
			defaultConfigurationIsVisible = 0;
			defaultConfigurationName = Release;
		};
/* End XCConfigurationList section */
	};
	rootObject = 458C52C72B3BEACC0009393F /* Project object */;
}
